dependencies:
- name: postgresql
  repository: https://charts.bitnami.com/bitnami
  version: 12.5.6
- name: redis
  repository: https://charts.bitnami.com/bitnami
  version: 16.13.2
- name: weaviate
  repository: https://weaviate.github.io/weaviate-helm
  version: 16.8.8
digest: sha256:937a256ea1ce570cd3eca949fd233873f2592ebbf76483e6141f2adbfb0e7039
generated: "2025-10-13T10:37:15.776547977+02:00"
