dependencies:
- name: postgresql
  repository: https://charts.bitnami.com/bitnami
  version: 12.5.6
- name: redis
  repository: https://charts.bitnami.com/bitnami
  version: 16.13.2
- name: weaviate
  repository: https://weaviate.github.io/weaviate-helm
  version: 16.1.0
- name: qdrant
  repository: https://qdrant.github.io/qdrant-helm
  version: 1.13.6
digest: sha256:6eaec83eea7651eb43a343af130bb69de27267e2c1cf65fb7c43892dbacb67e2
generated: "2025-04-09T13:39:08.995608+02:00"
